github.com/bytedance/gopkg v0.1.4 h1:oZnQwnX82KAIWb7033bEwtxvTqXcYMxDBaQxo5JJHWM=
github.com/bytedance/gopkg v0.1.4/go.mod h1:v1zWfPm21Fb+OsyXN2VAHdL6TBb2L88anLQgdyje6R4=
github.com/cloudwego/kitex v0.16.1 h1:EPOND7ra6fS7egM/q4FoRSUyH6tXxXccfL93e37PDK4=
github.com/cloudwego/kitex v0.16.1/go.mod h1:sQ41/oUhbcPm/aYqW16YT6omdxpvIc+GWvkw/K3VZ60=
